// !$*UTF8*$!
{
	archiveVersion = 1;
	classes = {
	};
	objectVersion = 50;
	objects = {

/* Begin PBXBuildFile section */
		680E127321DD2F6000106189 /* AppDelegate.swift in Sources */ = {isa = PBXBuildFile; fileRef = 680E127221DD2F6000106189 /* AppDelegate.swift */; };
		680E127521DD2F6000106189 /* MatchGameViewController.swift in Sources */ = {isa = PBXBuildFile; fileRef = 680E127421DD2F6000106189 /* MatchGameViewController.swift */; };
		680E127821DD2F6000106189 /* Main.storyboard in Resources */ = {isa = PBXBuildFile; fileRef = 680E127621DD2F6000106189 /* Main.storyboard */; };
		680E127A21DD2F6300106189 /* Assets.xcassets in Resources */ = {isa = PBXBuildFile; fileRef = 680E127921DD2F6300106189 /* Assets.xcassets */; };
		680E127D21DD2F6300106189 /* LaunchScreen.storyboard in Resources */ = {isa = PBXBuildFile; fileRef = 680E127B21DD2F6300106189 /* LaunchScreen.storyboard */; };
		680E128921DD30F200106189 /* TimerManager.swift in Sources */ = {isa = PBXBuildFile; fileRef = 680E128821DD30F200106189 /* TimerManager.swift */; };
		680E128B21DD310200106189 /* SoundManager.swift in Sources */ = {isa = PBXBuildFile; fileRef = 680E128A21DD310200106189 /* SoundManager.swift */; };
		680E128D21DD311000106189 /* CardModel.swift in Sources */ = {isa = PBXBuildFile; fileRef = 680E128C21DD311000106189 /* CardModel.swift */; };
		680E128F21DD321700106189 /* LoginViewController.swift in Sources */ = {isa = PBXBuildFile; fileRef = 680E128E21DD321700106189 /* LoginViewController.swift */; };
		680E129121DD322400106189 /* ResultsViewController.swift in Sources */ = {isa = PBXBuildFile; fileRef = 680E129021DD322400106189 /* ResultsViewController.swift */; };
		680E129721DD35F500106189 /* shuffle.wav in Resources */ = {isa = PBXBuildFile; fileRef = 680E129321DD35F500106189 /* shuffle.wav */; };
		680E129821DD35F500106189 /* dingwrong.wav in Resources */ = {isa = PBXBuildFile; fileRef = 680E129421DD35F500106189 /* dingwrong.wav */; };
		680E129921DD35F500106189 /* cardflip.wav in Resources */ = {isa = PBXBuildFile; fileRef = 680E129521DD35F500106189 /* cardflip.wav */; };
		680E129A21DD35F500106189 /* dingcorrect.wav in Resources */ = {isa = PBXBuildFile; fileRef = 680E129621DD35F500106189 /* dingcorrect.wav */; };
		680E129C21DD36B900106189 /* Default-568h@2x.png in Resources */ = {isa = PBXBuildFile; fileRef = 680E129B21DD36B900106189 /* Default-568h@2x.png */; };
		68D2B14D21DD3AA9005EDF72 /* protocols.swift in Sources */ = {isa = PBXBuildFile; fileRef = 68D2B14C21DD3AA9005EDF72 /* protocols.swift */; };
		68D2B14F21DD3AE5005EDF72 /* Card.swift in Sources */ = {isa = PBXBuildFile; fileRef = 68D2B14E21DD3AE5005EDF72 /* Card.swift */; };
		68D2B15121DD3E75005EDF72 /* CardCollectionViewCell.swift in Sources */ = {isa = PBXBuildFile; fileRef = 68D2B15021DD3E75005EDF72 /* CardCollectionViewCell.swift */; };
		DF409DF10EE71EBC00C498F5 /* Pods_Match_Match_Game_MemoryWarmUp.framework in Frameworks */ = {isa = PBXBuildFile; fileRef = 78AA0B02731DF232E890411A /* Pods_Match_Match_Game_MemoryWarmUp.framework */; };
/* End PBXBuildFile section */

/* Begin PBXFileReference section */
		35DC71FD24857684769B013A /* Pods-Match-Match_Game_MemoryWarmUp.release.xcconfig */ = {isa = PBXFileReference; includeInIndex = 1; lastKnownFileType = text.xcconfig; name = "Pods-Match-Match_Game_MemoryWarmUp.release.xcconfig"; path = "Pods/Target Support Files/Pods-Match-Match_Game_MemoryWarmUp/Pods-Match-Match_Game_MemoryWarmUp.release.xcconfig"; sourceTree = "<group>"; };
		680E126F21DD2F6000106189 /* Match-Match_Game_MemoryWarmUp.app */ = {isa = PBXFileReference; explicitFileType = wrapper.application; includeInIndex = 0; path = "Match-Match_Game_MemoryWarmUp.app"; sourceTree = BUILT_PRODUCTS_DIR; };
		680E127221DD2F6000106189 /* AppDelegate.swift */ = {isa = PBXFileReference; lastKnownFileType = sourcecode.swift; path = AppDelegate.swift; sourceTree = "<group>"; };
		680E127421DD2F6000106189 /* MatchGameViewController.swift */ = {isa = PBXFileReference; lastKnownFileType = sourcecode.swift; path = MatchGameViewController.swift; sourceTree = "<group>"; };
		680E127721DD2F6000106189 /* Base */ = {isa = PBXFileReference; lastKnownFileType = file.storyboard; name = Base; path = Base.lproj/Main.storyboard; sourceTree = "<group>"; };
		680E127921DD2F6300106189 /* Assets.xcassets */ = {isa = PBXFileReference; lastKnownFileType = folder.assetcatalog; path = Assets.xcassets; sourceTree = "<group>"; };
		680E127C21DD2F6300106189 /* Base */ = {isa = PBXFileReference; lastKnownFileType = file.storyboard; name = Base; path = Base.lproj/LaunchScreen.storyboard; sourceTree = "<group>"; };
		680E127E21DD2F6300106189 /* Info.plist */ = {isa = PBXFileReference; lastKnownFileType = text.plist.xml; path = Info.plist; sourceTree = "<group>"; };
		680E128821DD30F200106189 /* TimerManager.swift */ = {isa = PBXFileReference; lastKnownFileType = sourcecode.swift; path = TimerManager.swift; sourceTree = "<group>"; };
		680E128A21DD310200106189 /* SoundManager.swift */ = {isa = PBXFileReference; lastKnownFileType = sourcecode.swift; path = SoundManager.swift; sourceTree = "<group>"; };
		680E128C21DD311000106189 /* CardModel.swift */ = {isa = PBXFileReference; lastKnownFileType = sourcecode.swift; path = CardModel.swift; sourceTree = "<group>"; };
		680E128E21DD321700106189 /* LoginViewController.swift */ = {isa = PBXFileReference; lastKnownFileType = sourcecode.swift; path = LoginViewController.swift; sourceTree = "<group>"; };
		680E129021DD322400106189 /* ResultsViewController.swift */ = {isa = PBXFileReference; lastKnownFileType = sourcecode.swift; path = ResultsViewController.swift; sourceTree = "<group>"; };
		680E129321DD35F500106189 /* shuffle.wav */ = {isa = PBXFileReference; lastKnownFileType = audio.wav; path = shuffle.wav; sourceTree = "<group>"; };
		680E129421DD35F500106189 /* dingwrong.wav */ = {isa = PBXFileReference; lastKnownFileType = audio.wav; path = dingwrong.wav; sourceTree = "<group>"; };
		680E129521DD35F500106189 /* cardflip.wav */ = {isa = PBXFileReference; lastKnownFileType = audio.wav; path = cardflip.wav; sourceTree = "<group>"; };
		680E129621DD35F500106189 /* dingcorrect.wav */ = {isa = PBXFileReference; lastKnownFileType = audio.wav; path = dingcorrect.wav; sourceTree = "<group>"; };
		680E129B21DD36B900106189 /* Default-568h@2x.png */ = {isa = PBXFileReference; lastKnownFileType = image.png; path = "Default-568h@2x.png"; sourceTree = "<group>"; };
		68D2B14C21DD3AA9005EDF72 /* protocols.swift */ = {isa = PBXFileReference; lastKnownFileType = sourcecode.swift; path = protocols.swift; sourceTree = "<group>"; };
		68D2B14E21DD3AE5005EDF72 /* Card.swift */ = {isa = PBXFileReference; lastKnownFileType = sourcecode.swift; path = Card.swift; sourceTree = "<group>"; };
		68D2B15021DD3E75005EDF72 /* CardCollectionViewCell.swift */ = {isa = PBXFileReference; lastKnownFileType = sourcecode.swift; path = CardCollectionViewCell.swift; sourceTree = "<group>"; };
		78AA0B02731DF232E890411A /* Pods_Match_Match_Game_MemoryWarmUp.framework */ = {isa = PBXFileReference; explicitFileType = wrapper.framework; includeInIndex = 0; path = Pods_Match_Match_Game_MemoryWarmUp.framework; sourceTree = BUILT_PRODUCTS_DIR; };
		F5B792B48E47190E5A493F0C /* Pods-Match-Match_Game_MemoryWarmUp.debug.xcconfig */ = {isa = PBXFileReference; includeInIndex = 1; lastKnownFileType = text.xcconfig; name = "Pods-Match-Match_Game_MemoryWarmUp.debug.xcconfig"; path = "Pods/Target Support Files/Pods-Match-Match_Game_MemoryWarmUp/Pods-Match-Match_Game_MemoryWarmUp.debug.xcconfig"; sourceTree = "<group>"; };
/* End PBXFileReference section */

/* Begin PBXFrameworksBuildPhase section */
		680E126C21DD2F6000106189 /* Frameworks */ = {
			isa = PBXFrameworksBuildPhase;
			buildActionMask = 2147483647;
			files = (
				DF409DF10EE71EBC00C498F5 /* Pods_Match_Match_Game_MemoryWarmUp.framework in Frameworks */,
			);
			runOnlyForDeploymentPostprocessing = 0;
		};
/* End PBXFrameworksBuildPhase section */

/* Begin PBXGroup section */
		680E126621DD2F6000106189 = {
			isa = PBXGroup;
			children = (
				680E129B21DD36B900106189 /* Default-568h@2x.png */,
				680E127121DD2F6000106189 /* Match-Match_Game_MemoryWarmUp */,
				680E127021DD2F6000106189 /* Products */,
				B6C5B7A841409CB6F5AADC11 /* Pods */,
				BDA7BD54121E1F485BDC86F4 /* Frameworks */,
			);
			sourceTree = "<group>";
		};
		680E127021DD2F6000106189 /* Products */ = {
			isa = PBXGroup;
			children = (
				680E126F21DD2F6000106189 /* Match-Match_Game_MemoryWarmUp.app */,
			);
			name = Products;
			sourceTree = "<group>";
		};
		680E127121DD2F6000106189 /* Match-Match_Game_MemoryWarmUp */ = {
			isa = PBXGroup;
			children = (
				680E128421DD30A100106189 /* Model */,
				680E128521DD30A900106189 /* View */,
				680E128621DD30AE00106189 /* Controller */,
				680E128721DD30B700106189 /* Supporting */,
			);
			path = "Match-Match_Game_MemoryWarmUp";
			sourceTree = "<group>";
		};
		680E128421DD30A100106189 /* Model */ = {
			isa = PBXGroup;
			children = (
				680E128821DD30F200106189 /* TimerManager.swift */,
				680E128A21DD310200106189 /* SoundManager.swift */,
				680E128C21DD311000106189 /* CardModel.swift */,
				68D2B14E21DD3AE5005EDF72 /* Card.swift */,
			);
			path = Model;
			sourceTree = "<group>";
		};
		680E128521DD30A900106189 /* View */ = {
			isa = PBXGroup;
			children = (
				680E127621DD2F6000106189 /* Main.storyboard */,
			);
			path = View;
			sourceTree = "<group>";
		};
		680E128621DD30AE00106189 /* Controller */ = {
			isa = PBXGroup;
			children = (
				680E127421DD2F6000106189 /* MatchGameViewController.swift */,
				680E128E21DD321700106189 /* LoginViewController.swift */,
				680E129021DD322400106189 /* ResultsViewController.swift */,
				68D2B15021DD3E75005EDF72 /* CardCollectionViewCell.swift */,
			);
			path = Controller;
			sourceTree = "<group>";
		};
		680E128721DD30B700106189 /* Supporting */ = {
			isa = PBXGroup;
			children = (
				680E129221DD35C500106189 /* Sounds */,
				680E127221DD2F6000106189 /* AppDelegate.swift */,
				680E127921DD2F6300106189 /* Assets.xcassets */,
				680E127B21DD2F6300106189 /* LaunchScreen.storyboard */,
				680E127E21DD2F6300106189 /* Info.plist */,
				68D2B14C21DD3AA9005EDF72 /* protocols.swift */,
			);
			path = Supporting;
			sourceTree = "<group>";
		};
		680E129221DD35C500106189 /* Sounds */ = {
			isa = PBXGroup;
			children = (
				680E129521DD35F500106189 /* cardflip.wav */,
				680E129621DD35F500106189 /* dingcorrect.wav */,
				680E129421DD35F500106189 /* dingwrong.wav */,
				680E129321DD35F500106189 /* shuffle.wav */,
			);
			path = Sounds;
			sourceTree = "<group>";
		};
		B6C5B7A841409CB6F5AADC11 /* Pods */ = {
			isa = PBXGroup;
			children = (
				F5B792B48E47190E5A493F0C /* Pods-Match-Match_Game_MemoryWarmUp.debug.xcconfig */,
				35DC71FD24857684769B013A /* Pods-Match-Match_Game_MemoryWarmUp.release.xcconfig */,
			);
			name = Pods;
			sourceTree = "<group>";
		};
		BDA7BD54121E1F485BDC86F4 /* Frameworks */ = {
			isa = PBXGroup;
			children = (
				78AA0B02731DF232E890411A /* Pods_Match_Match_Game_MemoryWarmUp.framework */,
			);
			name = Frameworks;
			sourceTree = "<group>";
		};
/* End PBXGroup section */

/* Begin PBXNativeTarget section */
		680E126E21DD2F6000106189 /* Match-Match_Game_MemoryWarmUp */ = {
			isa = PBXNativeTarget;
			buildConfigurationList = 680E128121DD2F6300106189 /* Build configuration list for PBXNativeTarget "Match-Match_Game_MemoryWarmUp" */;
			buildPhases = (
				7D8BCACE69EBB88503AC6DA9 /* [CP] Check Pods Manifest.lock */,
				680E126B21DD2F6000106189 /* Sources */,
				680E126C21DD2F6000106189 /* Frameworks */,
				680E126D21DD2F6000106189 /* Resources */,
				D8FFFA00B535F80157CB5F60 /* [CP] Embed Pods Frameworks */,
			);
			buildRules = (
			);
			dependencies = (
			);
			name = "Match-Match_Game_MemoryWarmUp";
			productName = "Match-Match_Game_MemoryWarmUp";
			productReference = 680E126F21DD2F6000106189 /* Match-Match_Game_MemoryWarmUp.app */;
			productType = "com.apple.product-type.application";
		};
/* End PBXNativeTarget section */

/* Begin PBXProject section */
		680E126721DD2F6000106189 /* Project object */ = {
			isa = PBXProject;
			attributes = {
				LastSwiftUpdateCheck = 1010;
				LastUpgradeCheck = 1010;
				ORGANIZATIONNAME = "Rustam Shorov";
				TargetAttributes = {
					680E126E21DD2F6000106189 = {
						CreatedOnToolsVersion = 10.1;
					};
				};
			};
			buildConfigurationList = 680E126A21DD2F6000106189 /* Build configuration list for PBXProject "Match-Match_Game_MemoryWarmUp" */;
			compatibilityVersion = "Xcode 9.3";
			developmentRegion = en;
			hasScannedForEncodings = 0;
			knownRegions = (
				en,
				Base,
			);
			mainGroup = 680E126621DD2F6000106189;
			productRefGroup = 680E127021DD2F6000106189 /* Products */;
			projectDirPath = "";
			projectRoot = "";
			targets = (
				680E126E21DD2F6000106189 /* Match-Match_Game_MemoryWarmUp */,
			);
		};
/* End PBXProject section */

/* Begin PBXResourcesBuildPhase section */
		680E126D21DD2F6000106189 /* Resources */ = {
			isa = PBXResourcesBuildPhase;
			buildActionMask = 2147483647;
			files = (
				680E129721DD35F500106189 /* shuffle.wav in Resources */,
				680E129821DD35F500106189 /* dingwrong.wav in Resources */,
				680E127D21DD2F6300106189 /* LaunchScreen.storyboard in Resources */,
				680E127A21DD2F6300106189 /* Assets.xcassets in Resources */,
				680E127821DD2F6000106189 /* Main.storyboard in Resources */,
				680E129C21DD36B900106189 /* Default-568h@2x.png in Resources */,
				680E129A21DD35F500106189 /* dingcorrect.wav in Resources */,
				680E129921DD35F500106189 /* cardflip.wav in Resources */,
			);
			runOnlyForDeploymentPostprocessing = 0;
		};
/* End PBXResourcesBuildPhase section */

/* Begin PBXShellScriptBuildPhase section */
		7D8BCACE69EBB88503AC6DA9 /* [CP] Check Pods Manifest.lock */ = {
			isa = PBXShellScriptBuildPhase;
			buildActionMask = 2147483647;
			files = (
			);
			inputFileListPaths = (
			);
			inputPaths = (
				"${PODS_PODFILE_DIR_PATH}/Podfile.lock",
				"${PODS_ROOT}/Manifest.lock",
			);
			name = "[CP] Check Pods Manifest.lock";
			outputFileListPaths = (
			);
			outputPaths = (
				"$(DERIVED_FILE_DIR)/Pods-Match-Match_Game_MemoryWarmUp-checkManifestLockResult.txt",
			);
			runOnlyForDeploymentPostprocessing = 0;
			shellPath = /bin/sh;
			shellScript = "diff \"${PODS_PODFILE_DIR_PATH}/Podfile.lock\" \"${PODS_ROOT}/Manifest.lock\" > /dev/null\nif [ $? != 0 ] ; then\n    # print error to STDERR\n    echo \"error: The sandbox is not in sync with the Podfile.lock. Run 'pod install' or update your CocoaPods installation.\" >&2\n    exit 1\nfi\n# This output is used by Xcode 'outputs' to avoid re-running this script phase.\necho \"SUCCESS\" > \"${SCRIPT_OUTPUT_FILE_0}\"\n";
			showEnvVarsInLog = 0;
		};
		D8FFFA00B535F80157CB5F60 /* [CP] Embed Pods Frameworks */ = {
			isa = PBXShellScriptBuildPhase;
			buildActionMask = 2147483647;
			files = (
			);
			inputFileListPaths = (
			);
			inputPaths = (
				"${SRCROOT}/Pods/Target Support Files/Pods-Match-Match_Game_MemoryWarmUp/Pods-Match-Match_Game_MemoryWarmUp-frameworks.sh",
				"${BUILT_PRODUCTS_DIR}/Realm/Realm.framework",
				"${BUILT_PRODUCTS_DIR}/RealmSwift/RealmSwift.framework",
			);
			name = "[CP] Embed Pods Frameworks";
			outputFileListPaths = (
			);
			outputPaths = (
				"${TARGET_BUILD_DIR}/${FRAMEWORKS_FOLDER_PATH}/Realm.framework",
				"${TARGET_BUILD_DIR}/${FRAMEWORKS_FOLDER_PATH}/RealmSwift.framework",
			);
			runOnlyForDeploymentPostprocessing = 0;
			shellPath = /bin/sh;
			shellScript = "\"${SRCROOT}/Pods/Target Support Files/Pods-Match-Match_Game_MemoryWarmUp/Pods-Match-Match_Game_MemoryWarmUp-frameworks.sh\"\n";
			showEnvVarsInLog = 0;
		};
/* End PBXShellScriptBuildPhase section */

/* Begin PBXSourcesBuildPhase section */
		680E126B21DD2F6000106189 /* Sources */ = {
			isa = PBXSourcesBuildPhase;
			buildActionMask = 2147483647;
			files = (
				680E128F21DD321700106189 /* LoginViewController.swift in Sources */,
				68D2B14F21DD3AE5005EDF72 /* Card.swift in Sources */,
				680E128921DD30F200106189 /* TimerManager.swift in Sources */,
				680E128B21DD310200106189 /* SoundManager.swift in Sources */,
				680E129121DD322400106189 /* ResultsViewController.swift in Sources */,
				680E127521DD2F6000106189 /* MatchGameViewController.swift in Sources */,
				680E127321DD2F6000106189 /* AppDelegate.swift in Sources */,
				680E128D21DD311000106189 /* CardModel.swift in Sources */,
				68D2B15121DD3E75005EDF72 /* CardCollectionViewCell.swift in Sources */,
				68D2B14D21DD3AA9005EDF72 /* protocols.swift in Sources */,
			);
			runOnlyForDeploymentPostprocessing = 0;
		};
/* End PBXSourcesBuildPhase section */

/* Begin PBXVariantGroup section */
		680E127621DD2F6000106189 /* Main.storyboard */ = {
			isa = PBXVariantGroup;
			children = (
				680E127721DD2F6000106189 /* Base */,
			);
			name = Main.storyboard;
			sourceTree = "<group>";
		};
		680E127B21DD2F6300106189 /* LaunchScreen.storyboard */ = {
			isa = PBXVariantGroup;
			children = (
				680E127C21DD2F6300106189 /* Base */,
			);
			name = LaunchScreen.storyboard;
			sourceTree = "<group>";
		};
/* End PBXVariantGroup section */

/* Begin XCBuildConfiguration section */
		680E127F21DD2F6300106189 /* Debug */ = {
			isa = XCBuildConfiguration;
			buildSettings = {
				ALWAYS_SEARCH_USER_PATHS = NO;
				CLANG_ANALYZER_NONNULL = YES;
				CLANG_ANALYZER_NUMBER_OBJECT_CONVERSION = YES_AGGRESSIVE;
				CLANG_CXX_LANGUAGE_STANDARD = "gnu++14";
				CLANG_CXX_LIBRARY = "libc++";
				CLANG_ENABLE_MODULES = YES;
				CLANG_ENABLE_OBJC_ARC = YES;
				CLANG_ENABLE_OBJC_WEAK = YES;
				CLANG_WARN_BLOCK_CAPTURE_AUTORELEASING = YES;
				CLANG_WARN_BOOL_CONVERSION = YES;
				CLANG_WARN_COMMA = YES;
				CLANG_WARN_CONSTANT_CONVERSION = YES;
				CLANG_WARN_DEPRECATED_OBJC_IMPLEMENTATIONS = YES;
				CLANG_WARN_DIRECT_OBJC_ISA_USAGE = YES_ERROR;
				CLANG_WARN_DOCUMENTATION_COMMENTS = YES;
				CLANG_WARN_EMPTY_BODY = YES;
				CLANG_WARN_ENUM_CONVERSION = YES;
				CLANG_WARN_INFINITE_RECURSION = YES;
				CLANG_WARN_INT_CONVERSION = YES;
				CLANG_WARN_NON_LITERAL_NULL_CONVERSION = YES;
				CLANG_WARN_OBJC_IMPLICIT_RETAIN_SELF = YES;
				CLANG_WARN_OBJC_LITERAL_CONVERSION = YES;
				CLANG_WARN_OBJC_ROOT_CLASS = YES_ERROR;
				CLANG_WARN_RANGE_LOOP_ANALYSIS = YES;
				CLANG_WARN_STRICT_PROTOTYPES = YES;
				CLANG_WARN_SUSPICIOUS_MOVE = YES;
				CLANG_WARN_UNGUARDED_AVAILABILITY = YES_AGGRESSIVE;
				CLANG_WARN_UNREACHABLE_CODE = YES;
				CLANG_WARN__DUPLICATE_METHOD_MATCH = YES;
				CODE_SIGN_IDENTITY = "iPhone Developer";
				COPY_PHASE_STRIP = NO;
				DEBUG_INFORMATION_FORMAT = dwarf;
				ENABLE_STRICT_OBJC_MSGSEND = YES;
				ENABLE_TESTABILITY = YES;
				GCC_C_LANGUAGE_STANDARD = gnu11;
				GCC_DYNAMIC_NO_PIC = NO;
				GCC_NO_COMMON_BLOCKS = YES;
				GCC_OPTIMIZATION_LEVEL = 0;
				GCC_PREPROCESSOR_DEFINITIONS = (
					"DEBUG=1",
					"$(inherited)",
				);
				GCC_WARN_64_TO_32_BIT_CONVERSION = YES;
				GCC_WARN_ABOUT_RETURN_TYPE = YES_ERROR;
				GCC_WARN_UNDECLARED_SELECTOR = YES;
				GCC_WARN_UNINITIALIZED_AUTOS = YES_AGGRESSIVE;
				GCC_WARN_UNUSED_FUNCTION = YES;
				GCC_WARN_UNUSED_VARIABLE = YES;
				IPHONEOS_DEPLOYMENT_TARGET = 12.1;
				MTL_ENABLE_DEBUG_INFO = INCLUDE_SOURCE;
				MTL_FAST_MATH = YES;
				ONLY_ACTIVE_ARCH = YES;
				SDKROOT = iphoneos;
				SWIFT_ACTIVE_COMPILATION_CONDITIONS = DEBUG;
				SWIFT_OPTIMIZATION_LEVEL = "-Onone";
			};
			name = Debug;
		};
		680E128021DD2F6300106189 /* Release */ = {
			isa = XCBuildConfiguration;
			buildSettings = {
				ALWAYS_SEARCH_USER_PATHS = NO;
				CLANG_ANALYZER_NONNULL = YES;
				CLANG_ANALYZER_NUMBER_OBJECT_CONVERSION = YES_AGGRESSIVE;
				CLANG_CXX_LANGUAGE_STANDARD = "gnu++14";
				CLANG_CXX_LIBRARY = "libc++";
				CLANG_ENABLE_MODULES = YES;
				CLANG_ENABLE_OBJC_ARC = YES;
				CLANG_ENABLE_OBJC_WEAK = YES;
				CLANG_WARN_BLOCK_CAPTURE_AUTORELEASING = YES;
				CLANG_WARN_BOOL_CONVERSION = YES;
				CLANG_WARN_COMMA = YES;
				CLANG_WARN_CONSTANT_CONVERSION = YES;
				CLANG_WARN_DEPRECATED_OBJC_IMPLEMENTATIONS = YES;
				CLANG_WARN_DIRECT_OBJC_ISA_USAGE = YES_ERROR;
				CLANG_WARN_DOCUMENTATION_COMMENTS = YES;
				CLANG_WARN_EMPTY_BODY = YES;
				CLANG_WARN_ENUM_CONVERSION = YES;
				CLANG_WARN_INFINITE_RECURSION = YES;
				CLANG_WARN_INT_CONVERSION = YES;
				CLANG_WARN_NON_LITERAL_NULL_CONVERSION = YES;
				CLANG_WARN_OBJC_IMPLICIT_RETAIN_SELF = YES;
				CLANG_WARN_OBJC_LITERAL_CONVERSION = YES;
				CLANG_WARN_OBJC_ROOT_CLASS = YES_ERROR;
				CLANG_WARN_RANGE_LOOP_ANALYSIS = YES;
				CLANG_WARN_STRICT_PROTOTYPES = YES;
				CLANG_WARN_SUSPICIOUS_MOVE = YES;
				CLANG_WARN_UNGUARDED_AVAILABILITY = YES_AGGRESSIVE;
				CLANG_WARN_UNREACHABLE_CODE = YES;
				CLANG_WARN__DUPLICATE_METHOD_MATCH = YES;
				CODE_SIGN_IDENTITY = "iPhone Developer";
				COPY_PHASE_STRIP = NO;
				DEBUG_INFORMATION_FORMAT = "dwarf-with-dsym";
				ENABLE_NS_ASSERTIONS = NO;
				ENABLE_STRICT_OBJC_MSGSEND = YES;
				GCC_C_LANGUAGE_STANDARD = gnu11;
				GCC_NO_COMMON_BLOCKS = YES;
				GCC_WARN_64_TO_32_BIT_CONVERSION = YES;
				GCC_WARN_ABOUT_RETURN_TYPE = YES_ERROR;
				GCC_WARN_UNDECLARED_SELECTOR = YES;
				GCC_WARN_UNINITIALIZED_AUTOS = YES_AGGRESSIVE;
				GCC_WARN_UNUSED_FUNCTION = YES;
				GCC_WARN_UNUSED_VARIABLE = YES;
				IPHONEOS_DEPLOYMENT_TARGET = 12.1;
				MTL_ENABLE_DEBUG_INFO = NO;
				MTL_FAST_MATH = YES;
				SDKROOT = iphoneos;
				SWIFT_COMPILATION_MODE = wholemodule;
				SWIFT_OPTIMIZATION_LEVEL = "-O";
				VALIDATE_PRODUCT = YES;
			};
			name = Release;
		};
		680E128221DD2F6300106189 /* Debug */ = {
			isa = XCBuildConfiguration;
			baseConfigurationReference = F5B792B48E47190E5A493F0C /* Pods-Match-Match_Game_MemoryWarmUp.debug.xcconfig */;
			buildSettings = {
				ASSETCATALOG_COMPILER_APPICON_NAME = AppIcon;
				CODE_SIGN_STYLE = Automatic;
				DEVELOPMENT_TEAM = 7KHNRUF8TY;
				INFOPLIST_FILE = "$(SRCROOT)/Match-Match_Game_MemoryWarmUp/Supporting/Info.plist";
				LD_RUNPATH_SEARCH_PATHS = (
					"$(inherited)",
					"@executable_path/Frameworks",
				);
				PRODUCT_BUNDLE_IDENTIFIER = "rustam.shorov.by.Match-Match-Game-MemoryWarmUp";
				PRODUCT_NAME = "$(TARGET_NAME)";
				SWIFT_VERSION = 4.2;
				TARGETED_DEVICE_FAMILY = "1,2";
			};
			name = Debug;
		};
		680E128321DD2F6300106189 /* Release */ = {
			isa = XCBuildConfiguration;
			baseConfigurationReference = 35DC71FD24857684769B013A /* Pods-Match-Match_Game_MemoryWarmUp.release.xcconfig */;
			buildSettings = {
				ASSETCATALOG_COMPILER_APPICON_NAME = AppIcon;
				CODE_SIGN_STYLE = Automatic;
				DEVELOPMENT_TEAM = 7KHNRUF8TY;
				INFOPLIST_FILE = "$(SRCROOT)/Match-Match_Game_MemoryWarmUp/Supporting/Info.plist";
				LD_RUNPATH_SEARCH_PATHS = (
					"$(inherited)",
					"@executable_path/Frameworks",
				);
				PRODUCT_BUNDLE_IDENTIFIER = "rustam.shorov.by.Match-Match-Game-MemoryWarmUp";
				PRODUCT_NAME = "$(TARGET_NAME)";
				SWIFT_VERSION = 4.2;
				TARGETED_DEVICE_FAMILY = "1,2";
			};
			name = Release;
		};
/* End XCBuildConfiguration section */

/* Begin XCConfigurationList section */
		680E126A21DD2F6000106189 /* Build configuration list for PBXProject "Match-Match_Game_MemoryWarmUp" */ = {
			isa = XCConfigurationList;
			buildConfigurations = (
				680E127F21DD2F6300106189 /* Debug */,
				680E128021DD2F6300106189 /* Release */,
			);
			defaultConfigurationIsVisible = 0;
			defaultConfigurationName = Release;
		};
		680E128121DD2F6300106189 /* Build configuration list for PBXNativeTarget "Match-Match_Game_MemoryWarmUp" */ = {
			isa = XCConfigurationList;
			buildConfigurations = (
				680E128221DD2F6300106189 /* Debug */,
				680E128321DD2F6300106189 /* Release */,
			);
			defaultConfigurationIsVisible = 0;
			defaultConfigurationName = Release;
		};
/* End XCConfigurationList section */
	};
	rootObject = 680E126721DD2F6000106189 /* Project object */;
}
